// !$*UTF8*$!
{
	archiveVersion = 1;
	classes = {
	};
	objectVersion = 46;
	objects = {

/* Begin PBXBuildFile section */
		B707E9C61DEE97530044FCD0 /* AppDelegate.swift in Sources */ = {isa = PBXBuildFile; fileRef = B707E9C51DEE97530044FCD0 /* AppDelegate.swift */; };
		B707E9CB1DEE97530044FCD0 /* Main.storyboard in Resources */ = {isa = PBXBuildFile; fileRef = B707E9C91DEE97530044FCD0 /* Main.storyboard */; };
		B707E9CD1DEE97530044FCD0 /* Assets.xcassets in Resources */ = {isa = PBXBuildFile; fileRef = B707E9CC1DEE97530044FCD0 /* Assets.xcassets */; };
		B707E9D01DEE97530044FCD0 /* LaunchScreen.storyboard in Resources */ = {isa = PBXBuildFile; fileRef = B707E9CE1DEE97530044FCD0 /* LaunchScreen.storyboard */; };
		B707E9D81DEE9A860044FCD0 /* RestaurantTableViewController.swift in Sources */ = {isa = PBXBuildFile; fileRef = B707E9D71DEE9A860044FCD0 /* RestaurantTableViewController.swift */; };
		B72CF3591E212BE80082DAC6 /* AboutTableViewController.swift in Sources */ = {isa = PBXBuildFile; fileRef = B72CF3581E212BE80082DAC6 /* AboutTableViewController.swift */; };
		B72CF35B1E213B450082DAC6 /* WebViewController.swift in Sources */ = {isa = PBXBuildFile; fileRef = B72CF35A1E213B450082DAC6 /* WebViewController.swift */; };
		B737814D1E122BB6005F34CD /* AddRestaurantController.swift in Sources */ = {isa = PBXBuildFile; fileRef = B737814C1E122BB6005F34CD /* AddRestaurantController.swift */; };
		B7384AEA1E1FE6C200FC53FC /* About.storyboard in Resources */ = {isa = PBXBuildFile; fileRef = B7384AE81E1FE6C200FC53FC /* About.storyboard */; };
		B7384AEC1E1FE70B00FC53FC /* Discover.storyboard in Resources */ = {isa = PBXBuildFile; fileRef = B7384AEB1E1FE70B00FC53FC /* Discover.storyboard */; };
		B742A9171E0BCAD200B24CC1 /* ReviewViewController.swift in Sources */ = {isa = PBXBuildFile; fileRef = B742A9161E0BCAD200B24CC1 /* ReviewViewController.swift */; };
		B74524EC1DFE76860003D2A0 /* Restaurant.swift in Sources */ = {isa = PBXBuildFile; fileRef = B74524EB1DFE76860003D2A0 /* Restaurant.swift */; };
		B74524EE1DFE98550003D2A0 /* RestaurantDetailTableViewCell.swift in Sources */ = {isa = PBXBuildFile; fileRef = B74524ED1DFE98550003D2A0 /* RestaurantDetailTableViewCell.swift */; };
		B75909DF1E0E29E100370322 /* MapKit.framework in Frameworks */ = {isa = PBXBuildFile; fileRef = B75909DE1E0E29E100370322 /* MapKit.framework */; };
		B75909E11E0E416300370322 /* MapViewController.swift in Sources */ = {isa = PBXBuildFile; fileRef = B75909E01E0E416300370322 /* MapViewController.swift */; };
		B7624ACA1DEF0FCD00E0F78E /* RestaurantTableViewCell.swift in Sources */ = {isa = PBXBuildFile; fileRef = B7624AC91DEF0FCD00E0F78E /* RestaurantTableViewCell.swift */; };
		B767D9E71E253822005E13B7 /* Localizable.strings in Resources */ = {isa = PBXBuildFile; fileRef = B767D9E91E253822005E13B7 /* Localizable.strings */; };
		B767D9EE1E253823005E13B7 /* InfoPlist.strings in Resources */ = {isa = PBXBuildFile; fileRef = B767D9F01E253823005E13B7 /* InfoPlist.strings */; };
		B767D9F91E253B3C005E13B7 /* aboutfoodpin.png in Resources */ = {isa = PBXBuildFile; fileRef = B767D9FB1E253B3C005E13B7 /* aboutfoodpin.png */; };
		B79B7C3E1E13F482002609B4 /* FoodPin.xcdatamodeld in Sources */ = {isa = PBXBuildFile; fileRef = B79B7C3C1E13F482002609B4 /* FoodPin.xcdatamodeld */; };
		B7A3A6121E17D8CC0007BD39 /* WalkthroughContentViewController.swift in Sources */ = {isa = PBXBuildFile; fileRef = B7A3A6111E17D8CC0007BD39 /* WalkthroughContentViewController.swift */; };
		B7A3A6141E17DF980007BD39 /* WalkthroughPageViewController.swift in Sources */ = {isa = PBXBuildFile; fileRef = B7A3A6131E17DF980007BD39 /* WalkthroughPageViewController.swift */; };
		B7A8D1531DFA989900183416 /* RestaurantDetailViewController.swift in Sources */ = {isa = PBXBuildFile; fileRef = B7A8D1521DFA989900183416 /* RestaurantDetailViewController.swift */; };
/* End PBXBuildFile section */

/* Begin PBXFileReference section */
		B707E9C21DEE97530044FCD0 /* FoodPin.app */ = {isa = PBXFileReference; explicitFileType = wrapper.application; includeInIndex = 0; path = FoodPin.app; sourceTree = BUILT_PRODUCTS_DIR; };
		B707E9C51DEE97530044FCD0 /* AppDelegate.swift */ = {isa = PBXFileReference; lastKnownFileType = sourcecode.swift; path = AppDelegate.swift; sourceTree = "<group>"; };
		B707E9CA1DEE97530044FCD0 /* Base */ = {isa = PBXFileReference; lastKnownFileType = file.storyboard; name = Base; path = Base.lproj/Main.storyboard; sourceTree = "<group>"; };
		B707E9CC1DEE97530044FCD0 /* Assets.xcassets */ = {isa = PBXFileReference; lastKnownFileType = folder.assetcatalog; path = Assets.xcassets; sourceTree = "<group>"; };
		B707E9CF1DEE97530044FCD0 /* Base */ = {isa = PBXFileReference; lastKnownFileType = file.storyboard; name = Base; path = Base.lproj/LaunchScreen.storyboard; sourceTree = "<group>"; };
		B707E9D11DEE97530044FCD0 /* Info.plist */ = {isa = PBXFileReference; lastKnownFileType = text.plist.xml; path = Info.plist; sourceTree = "<group>"; };
		B707E9D71DEE9A860044FCD0 /* RestaurantTableViewController.swift */ = {isa = PBXFileReference; fileEncoding = 4; lastKnownFileType = sourcecode.swift; path = RestaurantTableViewController.swift; sourceTree = "<group>"; };
		B72CF3581E212BE80082DAC6 /* AboutTableViewController.swift */ = {isa = PBXFileReference; fileEncoding = 4; lastKnownFileType = sourcecode.swift; path = AboutTableViewController.swift; sourceTree = "<group>"; };
		B72CF35A1E213B450082DAC6 /* WebViewController.swift */ = {isa = PBXFileReference; fileEncoding = 4; lastKnownFileType = sourcecode.swift; path = WebViewController.swift; sourceTree = "<group>"; };
		B737814C1E122BB6005F34CD /* AddRestaurantController.swift */ = {isa = PBXFileReference; fileEncoding = 4; lastKnownFileType = sourcecode.swift; path = AddRestaurantController.swift; sourceTree = "<group>"; };
		B7384AE91E1FE6C200FC53FC /* Base */ = {isa = PBXFileReference; lastKnownFileType = file.storyboard; name = Base; path = Base.lproj/About.storyboard; sourceTree = "<group>"; };
		B7384AEB1E1FE70B00FC53FC /* Discover.storyboard */ = {isa = PBXFileReference; fileEncoding = 4; lastKnownFileType = file.storyboard; path = Discover.storyboard; sourceTree = "<group>"; };
		B742A9161E0BCAD200B24CC1 /* ReviewViewController.swift */ = {isa = PBXFileReference; fileEncoding = 4; lastKnownFileType = sourcecode.swift; path = ReviewViewController.swift; sourceTree = "<group>"; };
		B74524EB1DFE76860003D2A0 /* Restaurant.swift */ = {isa = PBXFileReference; fileEncoding = 4; lastKnownFileType = sourcecode.swift; path = Restaurant.swift; sourceTree = "<group>"; };
		B74524ED1DFE98550003D2A0 /* RestaurantDetailTableViewCell.swift */ = {isa = PBXFileReference; fileEncoding = 4; lastKnownFileType = sourcecode.swift; path = RestaurantDetailTableViewCell.swift; sourceTree = "<group>"; };
		B75909DE1E0E29E100370322 /* MapKit.framework */ = {isa = PBXFileReference; lastKnownFileType = wrapper.framework; name = MapKit.framework; path = System/Library/Frameworks/MapKit.framework; sourceTree = SDKROOT; };
		B75909E01E0E416300370322 /* MapViewController.swift */ = {isa = PBXFileReference; fileEncoding = 4; lastKnownFileType = sourcecode.swift; path = MapViewController.swift; sourceTree = "<group>"; };
		B7624AC91DEF0FCD00E0F78E /* RestaurantTableViewCell.swift */ = {isa = PBXFileReference; fileEncoding = 4; lastKnownFileType = sourcecode.swift; path = RestaurantTableViewCell.swift; sourceTree = "<group>"; };
		B767D9E41E25381F005E13B7 /* zh-Hans */ = {isa = PBXFileReference; lastKnownFileType = text.plist.strings; name = "zh-Hans"; path = "zh-Hans.lproj/About.strings"; sourceTree = "<group>"; };
		B767D9E81E253822005E13B7 /* zh-Hans */ = {isa = PBXFileReference; lastKnownFileType = text.plist.strings; name = "zh-Hans"; path = "zh-Hans.lproj/Localizable.strings"; sourceTree = "<group>"; };
		B767D9EA1E253822005E13B7 /* zh-Hans */ = {isa = PBXFileReference; lastKnownFileType = text.plist.strings; name = "zh-Hans"; path = "zh-Hans.lproj/Main.strings"; sourceTree = "<group>"; };
		B767D9EB1E253822005E13B7 /* zh-Hans */ = {isa = PBXFileReference; lastKnownFileType = text.plist.strings; name = "zh-Hans"; path = "zh-Hans.lproj/LaunchScreen.strings"; sourceTree = "<group>"; };
		B767D9EF1E253823005E13B7 /* zh-Hans */ = {isa = PBXFileReference; lastKnownFileType = text.plist.strings; name = "zh-Hans"; path = "zh-Hans.lproj/InfoPlist.strings"; sourceTree = "<group>"; };
		B767D9F11E253850005E13B7 /* zh-Hant */ = {isa = PBXFileReference; lastKnownFileType = text.plist.strings; name = "zh-Hant"; path = "zh-Hant.lproj/About.strings"; sourceTree = "<group>"; };
		B767D9F21E253850005E13B7 /* zh-Hant */ = {isa = PBXFileReference; lastKnownFileType = text.plist.strings; name = "zh-Hant"; path = "zh-Hant.lproj/Localizable.strings"; sourceTree = "<group>"; };
		B767D9F31E253851005E13B7 /* zh-Hant */ = {isa = PBXFileReference; lastKnownFileType = text.plist.strings; name = "zh-Hant"; path = "zh-Hant.lproj/Main.strings"; sourceTree = "<group>"; };
		B767D9F41E253851005E13B7 /* zh-Hant */ = {isa = PBXFileReference; lastKnownFileType = text.plist.strings; name = "zh-Hant"; path = "zh-Hant.lproj/LaunchScreen.strings"; sourceTree = "<group>"; };
		B767D9F51E253851005E13B7 /* zh-Hant */ = {isa = PBXFileReference; lastKnownFileType = text.plist.strings; name = "zh-Hant"; path = "zh-Hant.lproj/InfoPlist.strings"; sourceTree = "<group>"; };
		B767D9FA1E253B3C005E13B7 /* Base */ = {isa = PBXFileReference; lastKnownFileType = image.png; name = Base; path = Base.lproj/aboutfoodpin.png; sourceTree = "<group>"; };
		B767D9FC1E253B59005E13B7 /* zh-Hans */ = {isa = PBXFileReference; lastKnownFileType = image.png; name = "zh-Hans"; path = "zh-Hans.lproj/aboutfoodpin.png"; sourceTree = "<group>"; };
		B767D9FD1E253B5A005E13B7 /* zh-Hant */ = {isa = PBXFileReference; lastKnownFileType = image.png; name = "zh-Hant"; path = "zh-Hant.lproj/aboutfoodpin.png"; sourceTree = "<group>"; };
		B79B7C3D1E13F482002609B4 /* FoodPin.xcdatamodel */ = {isa = PBXFileReference; lastKnownFileType = wrapper.xcdatamodel; path = FoodPin.xcdatamodel; sourceTree = "<group>"; };
		B7A3A6111E17D8CC0007BD39 /* WalkthroughContentViewController.swift */ = {isa = PBXFileReference; fileEncoding = 4; lastKnownFileType = sourcecode.swift; path = WalkthroughContentViewController.swift; sourceTree = "<group>"; };
		B7A3A6131E17DF980007BD39 /* WalkthroughPageViewController.swift */ = {isa = PBXFileReference; fileEncoding = 4; lastKnownFileType = sourcecode.swift; path = WalkthroughPageViewController.swift; sourceTree = "<group>"; };
		B7A8D1521DFA989900183416 /* RestaurantDetailViewController.swift */ = {isa = PBXFileReference; fileEncoding = 4; lastKnownFileType = sourcecode.swift; path = RestaurantDetailViewController.swift; sourceTree = "<group>"; };
/* End PBXFileReference section */

/* Begin PBXFrameworksBuildPhase section */
		B707E9BF1DEE97530044FCD0 /* Frameworks */ = {
			isa = PBXFrameworksBuildPhase;
			buildActionMask = 2147483647;
			files = (
				B75909DF1E0E29E100370322 /* MapKit.framework in Frameworks */,
			);
			runOnlyForDeploymentPostprocessing = 0;
		};
/* End PBXFrameworksBuildPhase section */

/* Begin PBXGroup section */
		B707E9B91DEE97530044FCD0 = {
			isa = PBXGroup;
			children = (
				B707E9C41DEE97530044FCD0 /* FoodPin */,
				B707E9C31DEE97530044FCD0 /* Products */,
				B75909DD1E0E29E100370322 /* Frameworks */,
			);
			sourceTree = "<group>";
		};
		B707E9C31DEE97530044FCD0 /* Products */ = {
			isa = PBXGroup;
			children = (
				B707E9C21DEE97530044FCD0 /* FoodPin.app */,
			);
			name = Products;
			sourceTree = "<group>";
		};
		B707E9C41DEE97530044FCD0 /* FoodPin */ = {
			isa = PBXGroup;
			children = (
				B767D9F61E253ABF005E13B7 /* images */,
				B767D9F01E253823005E13B7 /* InfoPlist.strings */,
				B767D9E91E253822005E13B7 /* Localizable.strings */,
				B707E9C51DEE97530044FCD0 /* AppDelegate.swift */,
				B707E9C91DEE97530044FCD0 /* Main.storyboard */,
				B7384AEB1E1FE70B00FC53FC /* Discover.storyboard */,
				B7384AE81E1FE6C200FC53FC /* About.storyboard */,
				B707E9CC1DEE97530044FCD0 /* Assets.xcassets */,
				B707E9CE1DEE97530044FCD0 /* LaunchScreen.storyboard */,
				B707E9D11DEE97530044FCD0 /* Info.plist */,
				B707E9D71DEE9A860044FCD0 /* RestaurantTableViewController.swift */,
				B7624AC91DEF0FCD00E0F78E /* RestaurantTableViewCell.swift */,
				B7A8D1521DFA989900183416 /* RestaurantDetailViewController.swift */,
				B74524EB1DFE76860003D2A0 /* Restaurant.swift */,
				B74524ED1DFE98550003D2A0 /* RestaurantDetailTableViewCell.swift */,
				B742A9161E0BCAD200B24CC1 /* ReviewViewController.swift */,
				B75909E01E0E416300370322 /* MapViewController.swift */,
				B737814C1E122BB6005F34CD /* AddRestaurantController.swift */,
				B79B7C3C1E13F482002609B4 /* FoodPin.xcdatamodeld */,
				B7A3A6111E17D8CC0007BD39 /* WalkthroughContentViewController.swift */,
				B7A3A6131E17DF980007BD39 /* WalkthroughPageViewController.swift */,
				B72CF3581E212BE80082DAC6 /* AboutTableViewController.swift */,
				B72CF35A1E213B450082DAC6 /* WebViewController.swift */,
			);
			path = FoodPin;
			sourceTree = "<group>";
		};
		B75909DD1E0E29E100370322 /* Frameworks */ = {
			isa = PBXGroup;
			children = (
				B75909DE1E0E29E100370322 /* MapKit.framework */,
			);
			name = Frameworks;
			sourceTree = "<group>";
		};
		B767D9F61E253ABF005E13B7 /* images */ = {
			isa = PBXGroup;
			children = (
				B767D9FB1E253B3C005E13B7 /* aboutfoodpin.png */,
			);
			name = images;
			sourceTree = "<group>";
		};
/* End PBXGroup section */

/* Begin PBXNativeTarget section */
		B707E9C11DEE97530044FCD0 /* FoodPin */ = {
			isa = PBXNativeTarget;
			buildConfigurationList = B707E9D41DEE97530044FCD0 /* Build configuration list for PBXNativeTarget "FoodPin" */;
			buildPhases = (
				B707E9BE1DEE97530044FCD0 /* Sources */,
				B707E9BF1DEE97530044FCD0 /* Frameworks */,
				B707E9C01DEE97530044FCD0 /* Resources */,
			);
			buildRules = (
			);
			dependencies = (
			);
			name = FoodPin;
			productName = FoodPin;
			productReference = B707E9C21DEE97530044FCD0 /* FoodPin.app */;
			productType = "com.apple.product-type.application";
		};
/* End PBXNativeTarget section */

/* Begin PBXProject section */
		B707E9BA1DEE97530044FCD0 /* Project object */ = {
			isa = PBXProject;
			attributes = {
				LastSwiftUpdateCheck = 0810;
				LastUpgradeCheck = 0820;
				ORGANIZATIONNAME = LiZhen;
				TargetAttributes = {
					B707E9C11DEE97530044FCD0 = {
						CreatedOnToolsVersion = 8.1;
						ProvisioningStyle = Automatic;
						SystemCapabilities = {
							com.apple.Maps.iOS = {
								enabled = 1;
							};
						};
					};
				};
			};
			buildConfigurationList = B707E9BD1DEE97530044FCD0 /* Build configuration list for PBXProject "FoodPin" */;
			compatibilityVersion = "Xcode 3.2";
			developmentRegion = English;
			hasScannedForEncodings = 0;
			knownRegions = (
				en,
				Base,
				"zh-Hans",
				"zh-Hant",
			);
			mainGroup = B707E9B91DEE97530044FCD0;
			productRefGroup = B707E9C31DEE97530044FCD0 /* Products */;
			projectDirPath = "";
			projectRoot = "";
			targets = (
				B707E9C11DEE97530044FCD0 /* FoodPin */,
			);
		};
/* End PBXProject section */

/* Begin PBXResourcesBuildPhase section */
		B707E9C01DEE97530044FCD0 /* Resources */ = {
			isa = PBXResourcesBuildPhase;
			buildActionMask = 2147483647;
			files = (
				B707E9D01DEE97530044FCD0 /* LaunchScreen.storyboard in Resources */,
				B767D9EE1E253823005E13B7 /* InfoPlist.strings in Resources */,
				B767D9E71E253822005E13B7 /* Localizable.strings in Resources */,
				B707E9CD1DEE97530044FCD0 /* Assets.xcassets in Resources */,
				B7384AEC1E1FE70B00FC53FC /* Discover.storyboard in Resources */,
				B767D9F91E253B3C005E13B7 /* aboutfoodpin.png in Resources */,
				B7384AEA1E1FE6C200FC53FC /* About.storyboard in Resources */,
				B707E9CB1DEE97530044FCD0 /* Main.storyboard in Resources */,
			);
			runOnlyForDeploymentPostprocessing = 0;
		};
/* End PBXResourcesBuildPhase section */

/* Begin PBXSourcesBuildPhase section */
		B707E9BE1DEE97530044FCD0 /* Sources */ = {
			isa = PBXSourcesBuildPhase;
			buildActionMask = 2147483647;
			files = (
				B737814D1E122BB6005F34CD /* AddRestaurantController.swift in Sources */,
				B72CF3591E212BE80082DAC6 /* AboutTableViewController.swift in Sources */,
				B74524EC1DFE76860003D2A0 /* Restaurant.swift in Sources */,
				B707E9D81DEE9A860044FCD0 /* RestaurantTableViewController.swift in Sources */,
				B742A9171E0BCAD200B24CC1 /* ReviewViewController.swift in Sources */,
				B7624ACA1DEF0FCD00E0F78E /* RestaurantTableViewCell.swift in Sources */,
				B7A3A6121E17D8CC0007BD39 /* WalkthroughContentViewController.swift in Sources */,
				B7A3A6141E17DF980007BD39 /* WalkthroughPageViewController.swift in Sources */,
				B79B7C3E1E13F482002609B4 /* FoodPin.xcdatamodeld in Sources */,
				B74524EE1DFE98550003D2A0 /* RestaurantDetailTableViewCell.swift in Sources */,
				B7A8D1531DFA989900183416 /* RestaurantDetailViewController.swift in Sources */,
				B72CF35B1E213B450082DAC6 /* WebViewController.swift in Sources */,
				B707E9C61DEE97530044FCD0 /* AppDelegate.swift in Sources */,
				B75909E11E0E416300370322 /* MapViewController.swift in Sources */,
			);
			runOnlyForDeploymentPostprocessing = 0;
		};
/* End PBXSourcesBuildPhase section */

/* Begin PBXVariantGroup section */
		B707E9C91DEE97530044FCD0 /* Main.storyboard */ = {
			isa = PBXVariantGroup;
			children = (
				B707E9CA1DEE97530044FCD0 /* Base */,
				B767D9EA1E253822005E13B7 /* zh-Hans */,
				B767D9F31E253851005E13B7 /* zh-Hant */,
			);
			name = Main.storyboard;
			sourceTree = "<group>";
		};
		B707E9CE1DEE97530044FCD0 /* LaunchScreen.storyboard */ = {
			isa = PBXVariantGroup;
			children = (
				B707E9CF1DEE97530044FCD0 /* Base */,
				B767D9EB1E253822005E13B7 /* zh-Hans */,
				B767D9F41E253851005E13B7 /* zh-Hant */,
			);
			name = LaunchScreen.storyboard;
			sourceTree = "<group>";
		};
		B7384AE81E1FE6C200FC53FC /* About.storyboard */ = {
			isa = PBXVariantGroup;
			children = (
				B7384AE91E1FE6C200FC53FC /* Base */,
				B767D9E41E25381F005E13B7 /* zh-Hans */,
				B767D9F11E253850005E13B7 /* zh-Hant */,
			);
			name = About.storyboard;
			sourceTree = "<group>";
		};
		B767D9E91E253822005E13B7 /* Localizable.strings */ = {
			isa = PBXVariantGroup;
			children = (
				B767D9E81E253822005E13B7 /* zh-Hans */,
				B767D9F21E253850005E13B7 /* zh-Hant */,
			);
			name = Localizable.strings;
			sourceTree = "<group>";
		};
		B767D9F01E253823005E13B7 /* InfoPlist.strings */ = {
			isa = PBXVariantGroup;
			children = (
				B767D9EF1E253823005E13B7 /* zh-Hans */,
				B767D9F51E253851005E13B7 /* zh-Hant */,
			);
			name = InfoPlist.strings;
			sourceTree = "<group>";
		};
		B767D9FB1E253B3C005E13B7 /* aboutfoodpin.png */ = {
			isa = PBXVariantGroup;
			children = (
				B767D9FA1E253B3C005E13B7 /* Base */,
				B767D9FC1E253B59005E13B7 /* zh-Hans */,
				B767D9FD1E253B5A005E13B7 /* zh-Hant */,
			);
			name = aboutfoodpin.png;
			sourceTree = "<group>";
		};
/* End PBXVariantGroup section */

/* Begin XCBuildConfiguration section */
		B707E9D21DEE97530044FCD0 /* Debug */ = {
			isa = XCBuildConfiguration;
			buildSettings = {
				ALWAYS_SEARCH_USER_PATHS = NO;
				CLANG_ANALYZER_NONNULL = YES;
				CLANG_CXX_LANGUAGE_STANDARD = "gnu++0x";
				CLANG_CXX_LIBRARY = "libc++";
				CLANG_ENABLE_MODULES = YES;
				CLANG_ENABLE_OBJC_ARC = YES;
				CLANG_WARN_BOOL_CONVERSION = YES;
				CLANG_WARN_CONSTANT_CONVERSION = YES;
				CLANG_WARN_DIRECT_OBJC_ISA_USAGE = YES_ERROR;
				CLANG_WARN_DOCUMENTATION_COMMENTS = YES;
				CLANG_WARN_EMPTY_BODY = YES;
				CLANG_WARN_ENUM_CONVERSION = YES;
				CLANG_WARN_INFINITE_RECURSION = YES;
				CLANG_WARN_INT_CONVERSION = YES;
				CLANG_WARN_OBJC_ROOT_CLASS = YES_ERROR;
				CLANG_WARN_SUSPICIOUS_MOVE = YES;
				CLANG_WARN_SUSPICIOUS_MOVES = YES;
				CLANG_WARN_UNREACHABLE_CODE = YES;
				CLANG_WARN__DUPLICATE_METHOD_MATCH = YES;
				"CODE_SIGN_IDENTITY[sdk=iphoneos*]" = "iPhone Developer";
				COPY_PHASE_STRIP = NO;
				DEBUG_INFORMATION_FORMAT = dwarf;
				ENABLE_STRICT_OBJC_MSGSEND = YES;
				ENABLE_TESTABILITY = YES;
				GCC_C_LANGUAGE_STANDARD = gnu99;
				GCC_DYNAMIC_NO_PIC = NO;
				GCC_NO_COMMON_BLOCKS = YES;
				GCC_OPTIMIZATION_LEVEL = 0;
				GCC_PREPROCESSOR_DEFINITIONS = (
					"DEBUG=1",
					"$(inherited)",
				);
				GCC_WARN_64_TO_32_BIT_CONVERSION = YES;
				GCC_WARN_ABOUT_RETURN_TYPE = YES_ERROR;
				GCC_WARN_UNDECLARED_SELECTOR = YES;
				GCC_WARN_UNINITIALIZED_AUTOS = YES_AGGRESSIVE;
				GCC_WARN_UNUSED_FUNCTION = YES;
				GCC_WARN_UNUSED_VARIABLE = YES;
				IPHONEOS_DEPLOYMENT_TARGET = 10.1;
				MTL_ENABLE_DEBUG_INFO = YES;
				ONLY_ACTIVE_ARCH = YES;
				SDKROOT = iphoneos;
				SWIFT_ACTIVE_COMPILATION_CONDITIONS = DEBUG;
				SWIFT_OPTIMIZATION_LEVEL = "-Onone";
			};
			name = Debug;
		};
		B707E9D31DEE97530044FCD0 /* Release */ = {
			isa = XCBuildConfiguration;
			buildSettings = {
				ALWAYS_SEARCH_USER_PATHS = NO;
				CLANG_ANALYZER_NONNULL = YES;
				CLANG_CXX_LANGUAGE_STANDARD = "gnu++0x";
				CLANG_CXX_LIBRARY = "libc++";
				CLANG_ENABLE_MODULES = YES;
				CLANG_ENABLE_OBJC_ARC = YES;
				CLANG_WARN_BOOL_CONVERSION = YES;
				CLANG_WARN_CONSTANT_CONVERSION = YES;
				CLANG_WARN_DIRECT_OBJC_ISA_USAGE = YES_ERROR;
				CLANG_WARN_DOCUMENTATION_COMMENTS = YES;
				CLANG_WARN_EMPTY_BODY = YES;
				CLANG_WARN_ENUM_CONVERSION = YES;
				CLANG_WARN_INFINITE_RECURSION = YES;
				CLANG_WARN_INT_CONVERSION = YES;
				CLANG_WARN_OBJC_ROOT_CLASS = YES_ERROR;
				CLANG_WARN_SUSPICIOUS_MOVE = YES;
				CLANG_WARN_SUSPICIOUS_MOVES = YES;
				CLANG_WARN_UNREACHABLE_CODE = YES;
				CLANG_WARN__DUPLICATE_METHOD_MATCH = YES;
				"CODE_SIGN_IDENTITY[sdk=iphoneos*]" = "iPhone Developer";
				COPY_PHASE_STRIP = NO;
				DEBUG_INFORMATION_FORMAT = "dwarf-with-dsym";
				ENABLE_NS_ASSERTIONS = NO;
				ENABLE_STRICT_OBJC_MSGSEND = YES;
				GCC_C_LANGUAGE_STANDARD = gnu99;
				GCC_NO_COMMON_BLOCKS = YES;
				GCC_WARN_64_TO_32_BIT_CONVERSION = YES;
				GCC_WARN_ABOUT_RETURN_TYPE = YES_ERROR;
				GCC_WARN_UNDECLARED_SELECTOR = YES;
				GCC_WARN_UNINITIALIZED_AUTOS = YES_AGGRESSIVE;
				GCC_WARN_UNUSED_FUNCTION = YES;
				GCC_WARN_UNUSED_VARIABLE = YES;
				IPHONEOS_DEPLOYMENT_TARGET = 10.1;
				MTL_ENABLE_DEBUG_INFO = NO;
				SDKROOT = iphoneos;
				SWIFT_OPTIMIZATION_LEVEL = "-Owholemodule";
				VALIDATE_PRODUCT = YES;
			};
			name = Release;
		};
		B707E9D51DEE97530044FCD0 /* Debug */ = {
			isa = XCBuildConfiguration;
			buildSettings = {
				ASSETCATALOG_COMPILER_APPICON_NAME = AppIcon;
				INFOPLIST_FILE = FoodPin/Info.plist;
				LD_RUNPATH_SEARCH_PATHS = "$(inherited) @executable_path/Frameworks";
				PRODUCT_BUNDLE_IDENTIFIER = com.lizhen.FoodPin;
				PRODUCT_NAME = "$(TARGET_NAME)";
				SWIFT_VERSION = 3.0;
			};
			name = Debug;
		};
		B707E9D61DEE97530044FCD0 /* Release */ = {
			isa = XCBuildConfiguration;
			buildSettings = {
				ASSETCATALOG_COMPILER_APPICON_NAME = AppIcon;
				INFOPLIST_FILE = FoodPin/Info.plist;
				LD_RUNPATH_SEARCH_PATHS = "$(inherited) @executable_path/Frameworks";
				PRODUCT_BUNDLE_IDENTIFIER = com.lizhen.FoodPin;
				PRODUCT_NAME = "$(TARGET_NAME)";
				SWIFT_VERSION = 3.0;
			};
			name = Release;
		};
/* End XCBuildConfiguration section */

/* Begin XCConfigurationList section */
		B707E9BD1DEE97530044FCD0 /* Build configuration list for PBXProject "FoodPin" */ = {
			isa = XCConfigurationList;
			buildConfigurations = (
				B707E9D21DEE97530044FCD0 /* Debug */,
				B707E9D31DEE97530044FCD0 /* Release */,
			);
			defaultConfigurationIsVisible = 0;
			defaultConfigurationName = Release;
		};
		B707E9D41DEE97530044FCD0 /* Build configuration list for PBXNativeTarget "FoodPin" */ = {
			isa = XCConfigurationList;
			buildConfigurations = (
				B707E9D51DEE97530044FCD0 /* Debug */,
				B707E9D61DEE97530044FCD0 /* Release */,
			);
			defaultConfigurationIsVisible = 0;
			defaultConfigurationName = Release;
		};
/* End XCConfigurationList section */

/* Begin XCVersionGroup section */
		B79B7C3C1E13F482002609B4 /* FoodPin.xcdatamodeld */ = {
			isa = XCVersionGroup;
			children = (
				B79B7C3D1E13F482002609B4 /* FoodPin.xcdatamodel */,
			);
			currentVersion = B79B7C3D1E13F482002609B4 /* FoodPin.xcdatamodel */;
			path = FoodPin.xcdatamodeld;
			sourceTree = "<group>";
			versionGroupType = wrapper.xcdatamodel;
		};
/* End XCVersionGroup section */
	};
	rootObject = B707E9BA1DEE97530044FCD0 /* Project object */;
}
