// !$*UTF8*$!
{
	archiveVersion = 1;
	classes = {
	};
	objectVersion = 46;
	objects = {

/* Begin PBXBuildFile section */
		B7624AD81DEF24CA00E0F78E /* AppDelegate.swift in Sources */ = {isa = PBXBuildFile; fileRef = B7624AD71DEF24CA00E0F78E /* AppDelegate.swift */; };
		B7624ADD1DEF24CA00E0F78E /* Main.storyboard in Resources */ = {isa = PBXBuildFile; fileRef = B7624ADB1DEF24CA00E0F78E /* Main.storyboard */; };
		B7624ADF1DEF24CA00E0F78E /* Assets.xcassets in Resources */ = {isa = PBXBuildFile; fileRef = B7624ADE1DEF24CA00E0F78E /* Assets.xcassets */; };
		B7624AE21DEF24CA00E0F78E /* LaunchScreen.storyboard in Resources */ = {isa = PBXBuildFile; fileRef = B7624AE01DEF24CA00E0F78E /* LaunchScreen.storyboard */; };
		B7624AEA1DEF265100E0F78E /* RestaurantTableViewController.swift in Sources */ = {isa = PBXBuildFile; fileRef = B7624AE91DEF265100E0F78E /* RestaurantTableViewController.swift */; };
		B7624AEC1DEF280D00E0F78E /* RestaurantTableViewCell.swift in Sources */ = {isa = PBXBuildFile; fileRef = B7624AEB1DEF280D00E0F78E /* RestaurantTableViewCell.swift */; };
/* End PBXBuildFile section */

/* Begin PBXFileReference section */
		B7624AD41DEF24CA00E0F78E /* Chapter9Exercise2.app */ = {isa = PBXFileReference; explicitFileType = wrapper.application; includeInIndex = 0; path = Chapter9Exercise2.app; sourceTree = BUILT_PRODUCTS_DIR; };
		B7624AD71DEF24CA00E0F78E /* AppDelegate.swift */ = {isa = PBXFileReference; lastKnownFileType = sourcecode.swift; path = AppDelegate.swift; sourceTree = "<group>"; };
		B7624ADC1DEF24CA00E0F78E /* Base */ = {isa = PBXFileReference; lastKnownFileType = file.storyboard; name = Base; path = Base.lproj/Main.storyboard; sourceTree = "<group>"; };
		B7624ADE1DEF24CA00E0F78E /* Assets.xcassets */ = {isa = PBXFileReference; lastKnownFileType = folder.assetcatalog; path = Assets.xcassets; sourceTree = "<group>"; };
		B7624AE11DEF24CA00E0F78E /* Base */ = {isa = PBXFileReference; lastKnownFileType = file.storyboard; name = Base; path = Base.lproj/LaunchScreen.storyboard; sourceTree = "<group>"; };
		B7624AE31DEF24CA00E0F78E /* Info.plist */ = {isa = PBXFileReference; lastKnownFileType = text.plist.xml; path = Info.plist; sourceTree = "<group>"; };
		B7624AE91DEF265100E0F78E /* RestaurantTableViewController.swift */ = {isa = PBXFileReference; fileEncoding = 4; lastKnownFileType = sourcecode.swift; path = RestaurantTableViewController.swift; sourceTree = "<group>"; };
		B7624AEB1DEF280D00E0F78E /* RestaurantTableViewCell.swift */ = {isa = PBXFileReference; fileEncoding = 4; lastKnownFileType = sourcecode.swift; path = RestaurantTableViewCell.swift; sourceTree = "<group>"; };
/* End PBXFileReference section */

/* Begin PBXFrameworksBuildPhase section */
		B7624AD11DEF24CA00E0F78E /* Frameworks */ = {
			isa = PBXFrameworksBuildPhase;
			buildActionMask = 2147483647;
			files = (
			);
			runOnlyForDeploymentPostprocessing = 0;
		};
/* End PBXFrameworksBuildPhase section */

/* Begin PBXGroup section */
		B7624ACB1DEF24CA00E0F78E = {
			isa = PBXGroup;
			children = (
				B7624AD61DEF24CA00E0F78E /* Chapter9Exercise2 */,
				B7624AD51DEF24CA00E0F78E /* Products */,
			);
			sourceTree = "<group>";
		};
		B7624AD51DEF24CA00E0F78E /* Products */ = {
			isa = PBXGroup;
			children = (
				B7624AD41DEF24CA00E0F78E /* Chapter9Exercise2.app */,
			);
			name = Products;
			sourceTree = "<group>";
		};
		B7624AD61DEF24CA00E0F78E /* Chapter9Exercise2 */ = {
			isa = PBXGroup;
			children = (
				B7624AD71DEF24CA00E0F78E /* AppDelegate.swift */,
				B7624ADB1DEF24CA00E0F78E /* Main.storyboard */,
				B7624ADE1DEF24CA00E0F78E /* Assets.xcassets */,
				B7624AE01DEF24CA00E0F78E /* LaunchScreen.storyboard */,
				B7624AE31DEF24CA00E0F78E /* Info.plist */,
				B7624AE91DEF265100E0F78E /* RestaurantTableViewController.swift */,
				B7624AEB1DEF280D00E0F78E /* RestaurantTableViewCell.swift */,
			);
			path = Chapter9Exercise2;
			sourceTree = "<group>";
		};
/* End PBXGroup section */

/* Begin PBXNativeTarget section */
		B7624AD31DEF24CA00E0F78E /* Chapter9Exercise2 */ = {
			isa = PBXNativeTarget;
			buildConfigurationList = B7624AE61DEF24CA00E0F78E /* Build configuration list for PBXNativeTarget "Chapter9Exercise2" */;
			buildPhases = (
				B7624AD01DEF24CA00E0F78E /* Sources */,
				B7624AD11DEF24CA00E0F78E /* Frameworks */,
				B7624AD21DEF24CA00E0F78E /* Resources */,
			);
			buildRules = (
			);
			dependencies = (
			);
			name = Chapter9Exercise2;
			productName = Chapter9Exercise2;
			productReference = B7624AD41DEF24CA00E0F78E /* Chapter9Exercise2.app */;
			productType = "com.apple.product-type.application";
		};
/* End PBXNativeTarget section */

/* Begin PBXProject section */
		B7624ACC1DEF24CA00E0F78E /* Project object */ = {
			isa = PBXProject;
			attributes = {
				LastSwiftUpdateCheck = 0810;
				LastUpgradeCheck = 0810;
				ORGANIZATIONNAME = lizhen;
				TargetAttributes = {
					B7624AD31DEF24CA00E0F78E = {
						CreatedOnToolsVersion = 8.1;
						ProvisioningStyle = Automatic;
					};
				};
			};
			buildConfigurationList = B7624ACF1DEF24CA00E0F78E /* Build configuration list for PBXProject "Chapter9Exercise2" */;
			compatibilityVersion = "Xcode 3.2";
			developmentRegion = English;
			hasScannedForEncodings = 0;
			knownRegions = (
				en,
				Base,
			);
			mainGroup = B7624ACB1DEF24CA00E0F78E;
			productRefGroup = B7624AD51DEF24CA00E0F78E /* Products */;
			projectDirPath = "";
			projectRoot = "";
			targets = (
				B7624AD31DEF24CA00E0F78E /* Chapter9Exercise2 */,
			);
		};
/* End PBXProject section */

/* Begin PBXResourcesBuildPhase section */
		B7624AD21DEF24CA00E0F78E /* Resources */ = {
			isa = PBXResourcesBuildPhase;
			buildActionMask = 2147483647;
			files = (
				B7624AE21DEF24CA00E0F78E /* LaunchScreen.storyboard in Resources */,
				B7624ADF1DEF24CA00E0F78E /* Assets.xcassets in Resources */,
				B7624ADD1DEF24CA00E0F78E /* Main.storyboard in Resources */,
			);
			runOnlyForDeploymentPostprocessing = 0;
		};
/* End PBXResourcesBuildPhase section */

/* Begin PBXSourcesBuildPhase section */
		B7624AD01DEF24CA00E0F78E /* Sources */ = {
			isa = PBXSourcesBuildPhase;
			buildActionMask = 2147483647;
			files = (
				B7624AEA1DEF265100E0F78E /* RestaurantTableViewController.swift in Sources */,
				B7624AEC1DEF280D00E0F78E /* RestaurantTableViewCell.swift in Sources */,
				B7624AD81DEF24CA00E0F78E /* AppDelegate.swift in Sources */,
			);
			runOnlyForDeploymentPostprocessing = 0;
		};
/* End PBXSourcesBuildPhase section */

/* Begin PBXVariantGroup section */
		B7624ADB1DEF24CA00E0F78E /* Main.storyboard */ = {
			isa = PBXVariantGroup;
			children = (
				B7624ADC1DEF24CA00E0F78E /* Base */,
			);
			name = Main.storyboard;
			sourceTree = "<group>";
		};
		B7624AE01DEF24CA00E0F78E /* LaunchScreen.storyboard */ = {
			isa = PBXVariantGroup;
			children = (
				B7624AE11DEF24CA00E0F78E /* Base */,
			);
			name = LaunchScreen.storyboard;
			sourceTree = "<group>";
		};
/* End PBXVariantGroup section */

/* Begin XCBuildConfiguration section */
		B7624AE41DEF24CA00E0F78E /* Debug */ = {
			isa = XCBuildConfiguration;
			buildSettings = {
				ALWAYS_SEARCH_USER_PATHS = NO;
				CLANG_ANALYZER_NONNULL = YES;
				CLANG_CXX_LANGUAGE_STANDARD = "gnu++0x";
				CLANG_CXX_LIBRARY = "libc++";
				CLANG_ENABLE_MODULES = YES;
				CLANG_ENABLE_OBJC_ARC = YES;
				CLANG_WARN_BOOL_CONVERSION = YES;
				CLANG_WARN_CONSTANT_CONVERSION = YES;
				CLANG_WARN_DIRECT_OBJC_ISA_USAGE = YES_ERROR;
				CLANG_WARN_DOCUMENTATION_COMMENTS = YES;
				CLANG_WARN_EMPTY_BODY = YES;
				CLANG_WARN_ENUM_CONVERSION = YES;
				CLANG_WARN_INFINITE_RECURSION = YES;
				CLANG_WARN_INT_CONVERSION = YES;
				CLANG_WARN_OBJC_ROOT_CLASS = YES_ERROR;
				CLANG_WARN_SUSPICIOUS_MOVES = YES;
				CLANG_WARN_UNREACHABLE_CODE = YES;
				CLANG_WARN__DUPLICATE_METHOD_MATCH = YES;
				"CODE_SIGN_IDENTITY[sdk=iphoneos*]" = "iPhone Developer";
				COPY_PHASE_STRIP = NO;
				DEBUG_INFORMATION_FORMAT = dwarf;
				ENABLE_STRICT_OBJC_MSGSEND = YES;
				ENABLE_TESTABILITY = YES;
				GCC_C_LANGUAGE_STANDARD = gnu99;
				GCC_DYNAMIC_NO_PIC = NO;
				GCC_NO_COMMON_BLOCKS = YES;
				GCC_OPTIMIZATION_LEVEL = 0;
				GCC_PREPROCESSOR_DEFINITIONS = (
					"DEBUG=1",
					"$(inherited)",
				);
				GCC_WARN_64_TO_32_BIT_CONVERSION = YES;
				GCC_WARN_ABOUT_RETURN_TYPE = YES_ERROR;
				GCC_WARN_UNDECLARED_SELECTOR = YES;
				GCC_WARN_UNINITIALIZED_AUTOS = YES_AGGRESSIVE;
				GCC_WARN_UNUSED_FUNCTION = YES;
				GCC_WARN_UNUSED_VARIABLE = YES;
				IPHONEOS_DEPLOYMENT_TARGET = 10.1;
				MTL_ENABLE_DEBUG_INFO = YES;
				ONLY_ACTIVE_ARCH = YES;
				SDKROOT = iphoneos;
				SWIFT_ACTIVE_COMPILATION_CONDITIONS = DEBUG;
				SWIFT_OPTIMIZATION_LEVEL = "-Onone";
			};
			name = Debug;
		};
		B7624AE51DEF24CA00E0F78E /* Release */ = {
			isa = XCBuildConfiguration;
			buildSettings = {
				ALWAYS_SEARCH_USER_PATHS = NO;
				CLANG_ANALYZER_NONNULL = YES;
				CLANG_CXX_LANGUAGE_STANDARD = "gnu++0x";
				CLANG_CXX_LIBRARY = "libc++";
				CLANG_ENABLE_MODULES = YES;
				CLANG_ENABLE_OBJC_ARC = YES;
				CLANG_WARN_BOOL_CONVERSION = YES;
				CLANG_WARN_CONSTANT_CONVERSION = YES;
				CLANG_WARN_DIRECT_OBJC_ISA_USAGE = YES_ERROR;
				CLANG_WARN_DOCUMENTATION_COMMENTS = YES;
				CLANG_WARN_EMPTY_BODY = YES;
				CLANG_WARN_ENUM_CONVERSION = YES;
				CLANG_WARN_INFINITE_RECURSION = YES;
				CLANG_WARN_INT_CONVERSION = YES;
				CLANG_WARN_OBJC_ROOT_CLASS = YES_ERROR;
				CLANG_WARN_SUSPICIOUS_MOVES = YES;
				CLANG_WARN_UNREACHABLE_CODE = YES;
				CLANG_WARN__DUPLICATE_METHOD_MATCH = YES;
				"CODE_SIGN_IDENTITY[sdk=iphoneos*]" = "iPhone Developer";
				COPY_PHASE_STRIP = NO;
				DEBUG_INFORMATION_FORMAT = "dwarf-with-dsym";
				ENABLE_NS_ASSERTIONS = NO;
				ENABLE_STRICT_OBJC_MSGSEND = YES;
				GCC_C_LANGUAGE_STANDARD = gnu99;
				GCC_NO_COMMON_BLOCKS = YES;
				GCC_WARN_64_TO_32_BIT_CONVERSION = YES;
				GCC_WARN_ABOUT_RETURN_TYPE = YES_ERROR;
				GCC_WARN_UNDECLARED_SELECTOR = YES;
				GCC_WARN_UNINITIALIZED_AUTOS = YES_AGGRESSIVE;
				GCC_WARN_UNUSED_FUNCTION = YES;
				GCC_WARN_UNUSED_VARIABLE = YES;
				IPHONEOS_DEPLOYMENT_TARGET = 10.1;
				MTL_ENABLE_DEBUG_INFO = NO;
				SDKROOT = iphoneos;
				SWIFT_OPTIMIZATION_LEVEL = "-Owholemodule";
				VALIDATE_PRODUCT = YES;
			};
			name = Release;
		};
		B7624AE71DEF24CA00E0F78E /* Debug */ = {
			isa = XCBuildConfiguration;
			buildSettings = {
				ASSETCATALOG_COMPILER_APPICON_NAME = AppIcon;
				INFOPLIST_FILE = Chapter9Exercise2/Info.plist;
				LD_RUNPATH_SEARCH_PATHS = "$(inherited) @executable_path/Frameworks";
				PRODUCT_BUNDLE_IDENTIFIER = com.lizhen.Chapter9Exercise2;
				PRODUCT_NAME = "$(TARGET_NAME)";
				SWIFT_VERSION = 3.0;
			};
			name = Debug;
		};
		B7624AE81DEF24CA00E0F78E /* Release */ = {
			isa = XCBuildConfiguration;
			buildSettings = {
				ASSETCATALOG_COMPILER_APPICON_NAME = AppIcon;
				INFOPLIST_FILE = Chapter9Exercise2/Info.plist;
				LD_RUNPATH_SEARCH_PATHS = "$(inherited) @executable_path/Frameworks";
				PRODUCT_BUNDLE_IDENTIFIER = com.lizhen.Chapter9Exercise2;
				PRODUCT_NAME = "$(TARGET_NAME)";
				SWIFT_VERSION = 3.0;
			};
			name = Release;
		};
/* End XCBuildConfiguration section */

/* Begin XCConfigurationList section */
		B7624ACF1DEF24CA00E0F78E /* Build configuration list for PBXProject "Chapter9Exercise2" */ = {
			isa = XCConfigurationList;
			buildConfigurations = (
				B7624AE41DEF24CA00E0F78E /* Debug */,
				B7624AE51DEF24CA00E0F78E /* Release */,
			);
			defaultConfigurationIsVisible = 0;
			defaultConfigurationName = Release;
		};
		B7624AE61DEF24CA00E0F78E /* Build configuration list for PBXNativeTarget "Chapter9Exercise2" */ = {
			isa = XCConfigurationList;
			buildConfigurations = (
				B7624AE71DEF24CA00E0F78E /* Debug */,
				B7624AE81DEF24CA00E0F78E /* Release */,
			);
			defaultConfigurationIsVisible = 0;
		};
/* End XCConfigurationList section */
	};
	rootObject = B7624ACC1DEF24CA00E0F78E /* Project object */;
}
